
Microsoft Visual Studio Solution File, Format Version 12.00
# Visual Studio 14
VisualStudioVersion = 14.0.25420.1
MinimumVisualStudioVersion = 10.0.40219.1
Project("{2150E333-8FDC-42A3-9474-1A3956D46DE8}") = ".paket", ".paket", "{712D9DFB-2110-4923-B133-2747E240AE02}"
	ProjectSection(SolutionItems) = preProject
		paket.dependencies = paket.dependencies
	EndProjectSection
EndProject
Project("{FAE04EC0-301F-11D3-BF4B-00C04F79EFBC}") = "Fable.Remoting.Reflection", "Fable.Remoting.Reflection\Fable.Remoting.Reflection.csproj", "{5360CA8A-84A3-4F7C-85BC-5C767B472D0E}"
EndProject
Project("{F2A71F9B-5D33-465A-A702-920D77279786}") = "Fable.Remoting.Suave", "Fable.Remoting.Suave\Fable.Remoting.Suave.fsproj", "{484308A0-7B0D-46FF-83CB-DE9803295017}"
EndProject
Project("{F2A71F9B-5D33-465A-A702-920D77279786}") = "Fable.Remoting.Suave.Tests", "Fable.Remoting.Suave.Tests\Fable.Remoting.Suave.Tests.fsproj", "{9B91183E-6B11-4A8C-8FF6-94257F0D3BA4}"
EndProject
Project("{F2A71F9B-5D33-465A-A702-920D77279786}") = "Fable.Remoting.Json", "Fable.Remoting.Json\Fable.Remoting.Json.fsproj", "{0D6CCBED-DFAA-43D1-9D3E-230336DF255F}"
EndProject
Project("{F2A71F9B-5D33-465A-A702-920D77279786}") = "Fable.Remoting.Json.Tests", "Fable.Remoting.Json.Tests\Fable.Remoting.Json.Tests.fsproj", "{84FDE00A-5B1C-45F5-B499-ADB3003B54E1}"
EndProject
Project("{F2A71F9B-5D33-465A-A702-920D77279786}") = "Fable.Remoting.Server", "Fable.Remoting.Server\Fable.Remoting.Server.fsproj", "{597CD751-DFEF-4290-8501-0FDAE596A9DF}"
EndProject
Project("{F2A71F9B-5D33-465A-A702-920D77279786}") = "Fable.Remoting.Server.Tests", "Fable.Remoting.Server.Tests\Fable.Remoting.Server.Tests.fsproj", "{D3C9223B-CCA4-44E0-A552-51283B82FF7B}"
EndProject
Global
	GlobalSection(SolutionConfigurationPlatforms) = preSolution
		Debug|Any CPU = Debug|Any CPU
		Release|Any CPU = Release|Any CPU
	EndGlobalSection
	GlobalSection(ProjectConfigurationPlatforms) = postSolution
		{5360CA8A-84A3-4F7C-85BC-5C767B472D0E}.Debug|Any CPU.ActiveCfg = Debug|Any CPU
		{5360CA8A-84A3-4F7C-85BC-5C767B472D0E}.Debug|Any CPU.Build.0 = Debug|Any CPU
		{5360CA8A-84A3-4F7C-85BC-5C767B472D0E}.Release|Any CPU.ActiveCfg = Release|Any CPU
		{5360CA8A-84A3-4F7C-85BC-5C767B472D0E}.Release|Any CPU.Build.0 = Release|Any CPU
		{484308A0-7B0D-46FF-83CB-DE9803295017}.Debug|Any CPU.ActiveCfg = Debug|Any CPU
		{484308A0-7B0D-46FF-83CB-DE9803295017}.Debug|Any CPU.Build.0 = Debug|Any CPU
		{484308A0-7B0D-46FF-83CB-DE9803295017}.Release|Any CPU.ActiveCfg = Release|Any CPU
		{484308A0-7B0D-46FF-83CB-DE9803295017}.Release|Any CPU.Build.0 = Release|Any CPU
		{9B91183E-6B11-4A8C-8FF6-94257F0D3BA4}.Debug|Any CPU.ActiveCfg = Debug|Any CPU
		{9B91183E-6B11-4A8C-8FF6-94257F0D3BA4}.Debug|Any CPU.Build.0 = Debug|Any CPU
		{9B91183E-6B11-4A8C-8FF6-94257F0D3BA4}.Release|Any CPU.ActiveCfg = Release|Any CPU
		{9B91183E-6B11-4A8C-8FF6-94257F0D3BA4}.Release|Any CPU.Build.0 = Release|Any CPU
		{0D6CCBED-DFAA-43D1-9D3E-230336DF255F}.Debug|Any CPU.ActiveCfg = Debug|Any CPU
		{0D6CCBED-DFAA-43D1-9D3E-230336DF255F}.Debug|Any CPU.Build.0 = Debug|Any CPU
		{0D6CCBED-DFAA-43D1-9D3E-230336DF255F}.Release|Any CPU.ActiveCfg = Release|Any CPU
		{0D6CCBED-DFAA-43D1-9D3E-230336DF255F}.Release|Any CPU.Build.0 = Release|Any CPU
		{84FDE00A-5B1C-45F5-B499-ADB3003B54E1}.Debug|Any CPU.ActiveCfg = Debug|Any CPU
		{84FDE00A-5B1C-45F5-B499-ADB3003B54E1}.Debug|Any CPU.Build.0 = Debug|Any CPU
		{84FDE00A-5B1C-45F5-B499-ADB3003B54E1}.Release|Any CPU.ActiveCfg = Release|Any CPU
		{84FDE00A-5B1C-45F5-B499-ADB3003B54E1}.Release|Any CPU.Build.0 = Release|Any CPU
		{597CD751-DFEF-4290-8501-0FDAE596A9DF}.Debug|Any CPU.ActiveCfg = Debug|Any CPU
		{597CD751-DFEF-4290-8501-0FDAE596A9DF}.Debug|Any CPU.Build.0 = Debug|Any CPU
		{597CD751-DFEF-4290-8501-0FDAE596A9DF}.Release|Any CPU.ActiveCfg = Release|Any CPU
		{597CD751-DFEF-4290-8501-0FDAE596A9DF}.Release|Any CPU.Build.0 = Release|Any CPU
		{D3C9223B-CCA4-44E0-A552-51283B82FF7B}.Debug|Any CPU.ActiveCfg = Debug|Any CPU
		{D3C9223B-CCA4-44E0-A552-51283B82FF7B}.Debug|Any CPU.Build.0 = Debug|Any CPU
		{D3C9223B-CCA4-44E0-A552-51283B82FF7B}.Release|Any CPU.ActiveCfg = Release|Any CPU
		{D3C9223B-CCA4-44E0-A552-51283B82FF7B}.Release|Any CPU.Build.0 = Release|Any CPU
	EndGlobalSection
	GlobalSection(SolutionProperties) = preSolution
		HideSolutionNode = FALSE
	EndGlobalSection
EndGlobal
