
Microsoft Visual Studio Solution File, Format Version 12.00
# Visual Studio Version 17
VisualStudioVersion = 17.8.34309.116
MinimumVisualStudioVersion = 15.0.26124.0
Project("{6EC3EE1D-3C4E-46DD-8F32-0CC8E7565705}") = "Fable.Remoting.Json", "Fable.Remoting.Json\Fable.Remoting.Json.fsproj", "{F7E7D27F-7FAC-4736-980A-E65D2A9A3AEA}"
EndProject
Project("{6EC3EE1D-3C4E-46DD-8F32-0CC8E7565705}") = "Fable.Remoting.Json.Tests", "Fable.Remoting.Json.Tests\Fable.Remoting.Json.Tests.fsproj", "{3BE5C9DE-022F-4309-BDC9-BB5E44A36A59}"
EndProject
Project("{6EC3EE1D-3C4E-46DD-8F32-0CC8E7565705}") = "Fable.Remoting.Server", "Fable.Remoting.Server\Fable.Remoting.Server.fsproj", "{D58F24CA-7501-4D58-AEDB-08E35040FFE9}"
EndProject
Project("{6EC3EE1D-3C4E-46DD-8F32-0CC8E7565705}") = "Fable.Remoting.Server.Tests", "Fable.Remoting.Server.Tests\Fable.Remoting.Server.Tests.fsproj", "{1F2C08AF-8194-4435-9EC9-F21D254EE683}"
EndProject
Project("{6EC3EE1D-3C4E-46DD-8F32-0CC8E7565705}") = "Fable.Remoting.Suave", "Fable.Remoting.Suave\Fable.Remoting.Suave.fsproj", "{FD9E2C7D-17B6-4C78-B43B-F1A77C1849D2}"
EndProject
Project("{6EC3EE1D-3C4E-46DD-8F32-0CC8E7565705}") = "Fable.Remoting.Suave.Tests", "Fable.Remoting.Suave.Tests\Fable.Remoting.Suave.Tests.fsproj", "{730C3310-E34B-45DF-A3CE-8B90BC8096CC}"
EndProject
Project("{6EC3EE1D-3C4E-46DD-8F32-0CC8E7565705}") = "Fable.Remoting.Giraffe", "Fable.Remoting.Giraffe\Fable.Remoting.Giraffe.fsproj", "{FD7DD50C-3BAF-43F2-A294-3EBD90676151}"
EndProject
Project("{6EC3EE1D-3C4E-46DD-8F32-0CC8E7565705}") = "Fable.Remoting.Giraffe.Tests", "Fable.Remoting.Giraffe.Tests\Fable.Remoting.Giraffe.Tests.fsproj", "{39F6C4E6-0196-4057-9F94-4367FD4E706B}"
EndProject
Project("{6EC3EE1D-3C4E-46DD-8F32-0CC8E7565705}") = "Fable.Remoting.DotnetClient", "Fable.Remoting.DotnetClient\Fable.Remoting.DotnetClient.fsproj", "{4238A37F-C359-4440-AB95-5F21AE7612FC}"
EndProject
Project("{6EC3EE1D-3C4E-46DD-8F32-0CC8E7565705}") = "Fable.Remoting.Client", "Fable.Remoting.Client\Fable.Remoting.Client.fsproj", "{EF7CC8EE-B06A-438C-B0EA-2C66F749C116}"
EndProject
Project("{6EC3EE1D-3C4E-46DD-8F32-0CC8E7565705}") = "Client", "ClientTests\src\Client.fsproj", "{D9D3EA67-0178-493C-AC2D-C306F5FC75D2}"
EndProject
Project("{6EC3EE1D-3C4E-46DD-8F32-0CC8E7565705}") = "Server.Giraffe", "Fable.Remoting.IntegrationTests\Server.Giraffe\Server.Giraffe.fsproj", "{91E7F187-D488-4EB8-8004-89BA1944812C}"
EndProject
Project("{6EC3EE1D-3C4E-46DD-8F32-0CC8E7565705}") = "DotnetClient", "Fable.Remoting.IntegrationTests\DotnetClient\DotnetClient.fsproj", "{3F5BC8BA-956B-4FC0-A69A-71EFEEF5A04B}"
EndProject
Project("{6EC3EE1D-3C4E-46DD-8F32-0CC8E7565705}") = "Fable.Remoting.MsgPack", "Fable.Remoting.MsgPack\Fable.Remoting.MsgPack.fsproj", "{13DB9543-5A2E-47E6-8A9A-E425B8245918}"
EndProject
Project("{6EC3EE1D-3C4E-46DD-8F32-0CC8E7565705}") = "Fable.Remoting.MsgPack.Tests", "Fable.Remoting.MsgPack.Tests\Fable.Remoting.MsgPack.Tests.fsproj", "{1406B2AD-4774-45D2-88A8-BA732F1939DD}"
EndProject
Project("{6EC3EE1D-3C4E-46DD-8F32-0CC8E7565705}") = "Fable.Remoting.Benchmarks", "Fable.Remoting.Benchmarks\Fable.Remoting.Benchmarks.fsproj", "{216BC149-81ED-43E5-9778-4042A8151884}"
EndProject
Project("{6EC3EE1D-3C4E-46DD-8F32-0CC8E7565705}") = "Fable.Remoting.AspNetCore", "Fable.Remoting.AspNetCore\Fable.Remoting.AspNetCore.fsproj", "{5FFF6B88-18DC-4B25-8CAA-CB38F9B964AE}"
EndProject
Project("{6EC3EE1D-3C4E-46DD-8F32-0CC8E7565705}") = "UITests", "UITests\UITests.fsproj", "{D2B88D66-4810-4EF7-AD6F-D47145D8D479}"
EndProject
Project("{2150E333-8FDC-42A3-9474-1A3956D46DE8}") = "Solution Items", "Solution Items", "{8FF2D848-6091-4206-B06C-922029DEFED1}"
	ProjectSection(SolutionItems) = preProject
		.gitignore = .gitignore
		.travis.yml = .travis.yml
		appveyor.yml = appveyor.yml
		build.cmd = build.cmd
		build.sh = build.sh
		LICENSE = LICENSE
		paket.dependencies = paket.dependencies
		paket.lock = paket.lock
		README.md = README.md
	EndProjectSection
EndProject
Project("{6EC3EE1D-3C4E-46DD-8F32-0CC8E7565705}") = "Fable.Remoting.AzureFunctions.Worker", "Fable.Remoting.AzureFunctions.Worker\Fable.Remoting.AzureFunctions.Worker.fsproj", "{75E14B0C-A695-4755-818F-0F42FB76E70B}"
EndProject
Project("{6EC3EE1D-3C4E-46DD-8F32-0CC8E7565705}") = "Fable.Remoting.AzureFunctions.Worker.Tests.FunctionApp", "Fable.Remoting.AzureFunctions.Worker.Tests\FunctionApp\Fable.Remoting.AzureFunctions.Worker.Tests.FunctionApp.fsproj", "{ABF72CDC-4C27-4DBD-9CE4-98B2EAF3BC65}"
EndProject
Project("{6EC3EE1D-3C4E-46DD-8F32-0CC8E7565705}") = "Fable.Remoting.AzureFunctions.Worker.Tests.Client", "Fable.Remoting.AzureFunctions.Worker.Tests\Client\Fable.Remoting.AzureFunctions.Worker.Tests.Client.fsproj", "{9B241790-013B-4817-90BF-D50E7A1D9BE0}"
EndProject
Project("{6EC3EE1D-3C4E-46DD-8F32-0CC8E7565705}") = "Build", "build\Build.fsproj", "{30D42110-503D-4671-B58C-C4FE9BD2BEB2}"
EndProject
Project("{F2A71F9B-5D33-465A-A702-920D77279786}") = "Fable.Remoting.AwsLambda", "Fable.Remoting.AwsLambda\Fable.Remoting.AwsLambda.fsproj", "{2D66CF7F-43B7-4EE5-9E0C-2DFC5315DFCF}"
EndProject
Project("{F2A71F9B-5D33-465A-A702-920D77279786}") = "Fable.Remoting.Falco", "Fable.Remoting.Falco\Fable.Remoting.Falco.fsproj", "{142B0D23-DEBB-476A-A9C6-292BE40687F3}"
EndProject
Project("{F2A71F9B-5D33-465A-A702-920D77279786}") = "Fable.Remoting.Falco.Tests", "Fable.Remoting.Falco.Tests\Fable.Remoting.Falco.Tests.fsproj", "{F29937CF-8C1C-4154-93BA-FCEB5FF4C7E5}"
EndProject
Global
	GlobalSection(SolutionConfigurationPlatforms) = preSolution
		Debug|Any CPU = Debug|Any CPU
		Debug|x64 = Debug|x64
		Debug|x86 = Debug|x86
		Release|Any CPU = Release|Any CPU
		Release|x64 = Release|x64
		Release|x86 = Release|x86
	EndGlobalSection
	GlobalSection(ProjectConfigurationPlatforms) = postSolution
		{F7E7D27F-7FAC-4736-980A-E65D2A9A3AEA}.Debug|Any CPU.ActiveCfg = Debug|Any CPU
		{F7E7D27F-7FAC-4736-980A-E65D2A9A3AEA}.Debug|Any CPU.Build.0 = Debug|Any CPU
		{F7E7D27F-7FAC-4736-980A-E65D2A9A3AEA}.Debug|x64.ActiveCfg = Debug|Any CPU
		{F7E7D27F-7FAC-4736-980A-E65D2A9A3AEA}.Debug|x64.Build.0 = Debug|Any CPU
		{F7E7D27F-7FAC-4736-980A-E65D2A9A3AEA}.Debug|x86.ActiveCfg = Debug|Any CPU
		{F7E7D27F-7FAC-4736-980A-E65D2A9A3AEA}.Debug|x86.Build.0 = Debug|Any CPU
		{F7E7D27F-7FAC-4736-980A-E65D2A9A3AEA}.Release|Any CPU.ActiveCfg = Release|Any CPU
		{F7E7D27F-7FAC-4736-980A-E65D2A9A3AEA}.Release|Any CPU.Build.0 = Release|Any CPU
		{F7E7D27F-7FAC-4736-980A-E65D2A9A3AEA}.Release|x64.ActiveCfg = Release|Any CPU
		{F7E7D27F-7FAC-4736-980A-E65D2A9A3AEA}.Release|x64.Build.0 = Release|Any CPU
		{F7E7D27F-7FAC-4736-980A-E65D2A9A3AEA}.Release|x86.ActiveCfg = Release|Any CPU
		{F7E7D27F-7FAC-4736-980A-E65D2A9A3AEA}.Release|x86.Build.0 = Release|Any CPU
		{3BE5C9DE-022F-4309-BDC9-BB5E44A36A59}.Debug|Any CPU.ActiveCfg = Debug|Any CPU
		{3BE5C9DE-022F-4309-BDC9-BB5E44A36A59}.Debug|Any CPU.Build.0 = Debug|Any CPU
		{3BE5C9DE-022F-4309-BDC9-BB5E44A36A59}.Debug|x64.ActiveCfg = Debug|Any CPU
		{3BE5C9DE-022F-4309-BDC9-BB5E44A36A59}.Debug|x64.Build.0 = Debug|Any CPU
		{3BE5C9DE-022F-4309-BDC9-BB5E44A36A59}.Debug|x86.ActiveCfg = Debug|Any CPU
		{3BE5C9DE-022F-4309-BDC9-BB5E44A36A59}.Debug|x86.Build.0 = Debug|Any CPU
		{3BE5C9DE-022F-4309-BDC9-BB5E44A36A59}.Release|Any CPU.ActiveCfg = Release|Any CPU
		{3BE5C9DE-022F-4309-BDC9-BB5E44A36A59}.Release|Any CPU.Build.0 = Release|Any CPU
		{3BE5C9DE-022F-4309-BDC9-BB5E44A36A59}.Release|x64.ActiveCfg = Release|Any CPU
		{3BE5C9DE-022F-4309-BDC9-BB5E44A36A59}.Release|x64.Build.0 = Release|Any CPU
		{3BE5C9DE-022F-4309-BDC9-BB5E44A36A59}.Release|x86.ActiveCfg = Release|Any CPU
		{3BE5C9DE-022F-4309-BDC9-BB5E44A36A59}.Release|x86.Build.0 = Release|Any CPU
		{D58F24CA-7501-4D58-AEDB-08E35040FFE9}.Debug|Any CPU.ActiveCfg = Debug|Any CPU
		{D58F24CA-7501-4D58-AEDB-08E35040FFE9}.Debug|Any CPU.Build.0 = Debug|Any CPU
		{D58F24CA-7501-4D58-AEDB-08E35040FFE9}.Debug|x64.ActiveCfg = Debug|Any CPU
		{D58F24CA-7501-4D58-AEDB-08E35040FFE9}.Debug|x64.Build.0 = Debug|Any CPU
		{D58F24CA-7501-4D58-AEDB-08E35040FFE9}.Debug|x86.ActiveCfg = Debug|Any CPU
		{D58F24CA-7501-4D58-AEDB-08E35040FFE9}.Debug|x86.Build.0 = Debug|Any CPU
		{D58F24CA-7501-4D58-AEDB-08E35040FFE9}.Release|Any CPU.ActiveCfg = Release|Any CPU
		{D58F24CA-7501-4D58-AEDB-08E35040FFE9}.Release|Any CPU.Build.0 = Release|Any CPU
		{D58F24CA-7501-4D58-AEDB-08E35040FFE9}.Release|x64.ActiveCfg = Release|Any CPU
		{D58F24CA-7501-4D58-AEDB-08E35040FFE9}.Release|x64.Build.0 = Release|Any CPU
		{D58F24CA-7501-4D58-AEDB-08E35040FFE9}.Release|x86.ActiveCfg = Release|Any CPU
		{D58F24CA-7501-4D58-AEDB-08E35040FFE9}.Release|x86.Build.0 = Release|Any CPU
		{1F2C08AF-8194-4435-9EC9-F21D254EE683}.Debug|Any CPU.ActiveCfg = Debug|Any CPU
		{1F2C08AF-8194-4435-9EC9-F21D254EE683}.Debug|Any CPU.Build.0 = Debug|Any CPU
		{1F2C08AF-8194-4435-9EC9-F21D254EE683}.Debug|x64.ActiveCfg = Debug|Any CPU
		{1F2C08AF-8194-4435-9EC9-F21D254EE683}.Debug|x64.Build.0 = Debug|Any CPU
		{1F2C08AF-8194-4435-9EC9-F21D254EE683}.Debug|x86.ActiveCfg = Debug|Any CPU
		{1F2C08AF-8194-4435-9EC9-F21D254EE683}.Debug|x86.Build.0 = Debug|Any CPU
		{1F2C08AF-8194-4435-9EC9-F21D254EE683}.Release|Any CPU.ActiveCfg = Release|Any CPU
		{1F2C08AF-8194-4435-9EC9-F21D254EE683}.Release|Any CPU.Build.0 = Release|Any CPU
		{1F2C08AF-8194-4435-9EC9-F21D254EE683}.Release|x64.ActiveCfg = Release|Any CPU
		{1F2C08AF-8194-4435-9EC9-F21D254EE683}.Release|x64.Build.0 = Release|Any CPU
		{1F2C08AF-8194-4435-9EC9-F21D254EE683}.Release|x86.ActiveCfg = Release|Any CPU
		{1F2C08AF-8194-4435-9EC9-F21D254EE683}.Release|x86.Build.0 = Release|Any CPU
		{FD9E2C7D-17B6-4C78-B43B-F1A77C1849D2}.Debug|Any CPU.ActiveCfg = Debug|Any CPU
		{FD9E2C7D-17B6-4C78-B43B-F1A77C1849D2}.Debug|Any CPU.Build.0 = Debug|Any CPU
		{FD9E2C7D-17B6-4C78-B43B-F1A77C1849D2}.Debug|x64.ActiveCfg = Debug|Any CPU
		{FD9E2C7D-17B6-4C78-B43B-F1A77C1849D2}.Debug|x64.Build.0 = Debug|Any CPU
		{FD9E2C7D-17B6-4C78-B43B-F1A77C1849D2}.Debug|x86.ActiveCfg = Debug|Any CPU
		{FD9E2C7D-17B6-4C78-B43B-F1A77C1849D2}.Debug|x86.Build.0 = Debug|Any CPU
		{FD9E2C7D-17B6-4C78-B43B-F1A77C1849D2}.Release|Any CPU.ActiveCfg = Release|Any CPU
		{FD9E2C7D-17B6-4C78-B43B-F1A77C1849D2}.Release|Any CPU.Build.0 = Release|Any CPU
		{FD9E2C7D-17B6-4C78-B43B-F1A77C1849D2}.Release|x64.ActiveCfg = Release|Any CPU
		{FD9E2C7D-17B6-4C78-B43B-F1A77C1849D2}.Release|x64.Build.0 = Release|Any CPU
		{FD9E2C7D-17B6-4C78-B43B-F1A77C1849D2}.Release|x86.ActiveCfg = Release|Any CPU
		{FD9E2C7D-17B6-4C78-B43B-F1A77C1849D2}.Release|x86.Build.0 = Release|Any CPU
		{730C3310-E34B-45DF-A3CE-8B90BC8096CC}.Debug|Any CPU.ActiveCfg = Debug|Any CPU
		{730C3310-E34B-45DF-A3CE-8B90BC8096CC}.Debug|Any CPU.Build.0 = Debug|Any CPU
		{730C3310-E34B-45DF-A3CE-8B90BC8096CC}.Debug|x64.ActiveCfg = Debug|Any CPU
		{730C3310-E34B-45DF-A3CE-8B90BC8096CC}.Debug|x64.Build.0 = Debug|Any CPU
		{730C3310-E34B-45DF-A3CE-8B90BC8096CC}.Debug|x86.ActiveCfg = Debug|Any CPU
		{730C3310-E34B-45DF-A3CE-8B90BC8096CC}.Debug|x86.Build.0 = Debug|Any CPU
		{730C3310-E34B-45DF-A3CE-8B90BC8096CC}.Release|Any CPU.ActiveCfg = Release|Any CPU
		{730C3310-E34B-45DF-A3CE-8B90BC8096CC}.Release|Any CPU.Build.0 = Release|Any CPU
		{730C3310-E34B-45DF-A3CE-8B90BC8096CC}.Release|x64.ActiveCfg = Release|Any CPU
		{730C3310-E34B-45DF-A3CE-8B90BC8096CC}.Release|x64.Build.0 = Release|Any CPU
		{730C3310-E34B-45DF-A3CE-8B90BC8096CC}.Release|x86.ActiveCfg = Release|Any CPU
		{730C3310-E34B-45DF-A3CE-8B90BC8096CC}.Release|x86.Build.0 = Release|Any CPU
		{FD7DD50C-3BAF-43F2-A294-3EBD90676151}.Debug|Any CPU.ActiveCfg = Debug|Any CPU
		{FD7DD50C-3BAF-43F2-A294-3EBD90676151}.Debug|Any CPU.Build.0 = Debug|Any CPU
		{FD7DD50C-3BAF-43F2-A294-3EBD90676151}.Debug|x64.ActiveCfg = Debug|Any CPU
		{FD7DD50C-3BAF-43F2-A294-3EBD90676151}.Debug|x64.Build.0 = Debug|Any CPU
		{FD7DD50C-3BAF-43F2-A294-3EBD90676151}.Debug|x86.ActiveCfg = Debug|Any CPU
		{FD7DD50C-3BAF-43F2-A294-3EBD90676151}.Debug|x86.Build.0 = Debug|Any CPU
		{FD7DD50C-3BAF-43F2-A294-3EBD90676151}.Release|Any CPU.ActiveCfg = Release|Any CPU
		{FD7DD50C-3BAF-43F2-A294-3EBD90676151}.Release|Any CPU.Build.0 = Release|Any CPU
		{FD7DD50C-3BAF-43F2-A294-3EBD90676151}.Release|x64.ActiveCfg = Release|Any CPU
		{FD7DD50C-3BAF-43F2-A294-3EBD90676151}.Release|x64.Build.0 = Release|Any CPU
		{FD7DD50C-3BAF-43F2-A294-3EBD90676151}.Release|x86.ActiveCfg = Release|Any CPU
		{FD7DD50C-3BAF-43F2-A294-3EBD90676151}.Release|x86.Build.0 = Release|Any CPU
		{39F6C4E6-0196-4057-9F94-4367FD4E706B}.Debug|Any CPU.ActiveCfg = Debug|Any CPU
		{39F6C4E6-0196-4057-9F94-4367FD4E706B}.Debug|Any CPU.Build.0 = Debug|Any CPU
		{39F6C4E6-0196-4057-9F94-4367FD4E706B}.Debug|x64.ActiveCfg = Debug|Any CPU
		{39F6C4E6-0196-4057-9F94-4367FD4E706B}.Debug|x64.Build.0 = Debug|Any CPU
		{39F6C4E6-0196-4057-9F94-4367FD4E706B}.Debug|x86.ActiveCfg = Debug|Any CPU
		{39F6C4E6-0196-4057-9F94-4367FD4E706B}.Debug|x86.Build.0 = Debug|Any CPU
		{39F6C4E6-0196-4057-9F94-4367FD4E706B}.Release|Any CPU.ActiveCfg = Release|Any CPU
		{39F6C4E6-0196-4057-9F94-4367FD4E706B}.Release|Any CPU.Build.0 = Release|Any CPU
		{39F6C4E6-0196-4057-9F94-4367FD4E706B}.Release|x64.ActiveCfg = Release|Any CPU
		{39F6C4E6-0196-4057-9F94-4367FD4E706B}.Release|x64.Build.0 = Release|Any CPU
		{39F6C4E6-0196-4057-9F94-4367FD4E706B}.Release|x86.ActiveCfg = Release|Any CPU
		{39F6C4E6-0196-4057-9F94-4367FD4E706B}.Release|x86.Build.0 = Release|Any CPU
		{4238A37F-C359-4440-AB95-5F21AE7612FC}.Debug|Any CPU.ActiveCfg = Debug|Any CPU
		{4238A37F-C359-4440-AB95-5F21AE7612FC}.Debug|Any CPU.Build.0 = Debug|Any CPU
		{4238A37F-C359-4440-AB95-5F21AE7612FC}.Debug|x64.ActiveCfg = Debug|Any CPU
		{4238A37F-C359-4440-AB95-5F21AE7612FC}.Debug|x64.Build.0 = Debug|Any CPU
		{4238A37F-C359-4440-AB95-5F21AE7612FC}.Debug|x86.ActiveCfg = Debug|Any CPU
		{4238A37F-C359-4440-AB95-5F21AE7612FC}.Debug|x86.Build.0 = Debug|Any CPU
		{4238A37F-C359-4440-AB95-5F21AE7612FC}.Release|Any CPU.ActiveCfg = Release|Any CPU
		{4238A37F-C359-4440-AB95-5F21AE7612FC}.Release|Any CPU.Build.0 = Release|Any CPU
		{4238A37F-C359-4440-AB95-5F21AE7612FC}.Release|x64.ActiveCfg = Release|Any CPU
		{4238A37F-C359-4440-AB95-5F21AE7612FC}.Release|x64.Build.0 = Release|Any CPU
		{4238A37F-C359-4440-AB95-5F21AE7612FC}.Release|x86.ActiveCfg = Release|Any CPU
		{4238A37F-C359-4440-AB95-5F21AE7612FC}.Release|x86.Build.0 = Release|Any CPU
		{EF7CC8EE-B06A-438C-B0EA-2C66F749C116}.Debug|Any CPU.ActiveCfg = Debug|Any CPU
		{EF7CC8EE-B06A-438C-B0EA-2C66F749C116}.Debug|Any CPU.Build.0 = Debug|Any CPU
		{EF7CC8EE-B06A-438C-B0EA-2C66F749C116}.Debug|x64.ActiveCfg = Debug|Any CPU
		{EF7CC8EE-B06A-438C-B0EA-2C66F749C116}.Debug|x64.Build.0 = Debug|Any CPU
		{EF7CC8EE-B06A-438C-B0EA-2C66F749C116}.Debug|x86.ActiveCfg = Debug|Any CPU
		{EF7CC8EE-B06A-438C-B0EA-2C66F749C116}.Debug|x86.Build.0 = Debug|Any CPU
		{EF7CC8EE-B06A-438C-B0EA-2C66F749C116}.Release|Any CPU.ActiveCfg = Release|Any CPU
		{EF7CC8EE-B06A-438C-B0EA-2C66F749C116}.Release|Any CPU.Build.0 = Release|Any CPU
		{EF7CC8EE-B06A-438C-B0EA-2C66F749C116}.Release|x64.ActiveCfg = Release|Any CPU
		{EF7CC8EE-B06A-438C-B0EA-2C66F749C116}.Release|x64.Build.0 = Release|Any CPU
		{EF7CC8EE-B06A-438C-B0EA-2C66F749C116}.Release|x86.ActiveCfg = Release|Any CPU
		{EF7CC8EE-B06A-438C-B0EA-2C66F749C116}.Release|x86.Build.0 = Release|Any CPU
		{D9D3EA67-0178-493C-AC2D-C306F5FC75D2}.Debug|Any CPU.ActiveCfg = Debug|Any CPU
		{D9D3EA67-0178-493C-AC2D-C306F5FC75D2}.Debug|Any CPU.Build.0 = Debug|Any CPU
		{D9D3EA67-0178-493C-AC2D-C306F5FC75D2}.Debug|x64.ActiveCfg = Debug|Any CPU
		{D9D3EA67-0178-493C-AC2D-C306F5FC75D2}.Debug|x64.Build.0 = Debug|Any CPU
		{D9D3EA67-0178-493C-AC2D-C306F5FC75D2}.Debug|x86.ActiveCfg = Debug|Any CPU
		{D9D3EA67-0178-493C-AC2D-C306F5FC75D2}.Debug|x86.Build.0 = Debug|Any CPU
		{D9D3EA67-0178-493C-AC2D-C306F5FC75D2}.Release|Any CPU.ActiveCfg = Release|Any CPU
		{D9D3EA67-0178-493C-AC2D-C306F5FC75D2}.Release|Any CPU.Build.0 = Release|Any CPU
		{D9D3EA67-0178-493C-AC2D-C306F5FC75D2}.Release|x64.ActiveCfg = Release|Any CPU
		{D9D3EA67-0178-493C-AC2D-C306F5FC75D2}.Release|x64.Build.0 = Release|Any CPU
		{D9D3EA67-0178-493C-AC2D-C306F5FC75D2}.Release|x86.ActiveCfg = Release|Any CPU
		{D9D3EA67-0178-493C-AC2D-C306F5FC75D2}.Release|x86.Build.0 = Release|Any CPU
		{91E7F187-D488-4EB8-8004-89BA1944812C}.Debug|Any CPU.ActiveCfg = Debug|Any CPU
		{91E7F187-D488-4EB8-8004-89BA1944812C}.Debug|Any CPU.Build.0 = Debug|Any CPU
		{91E7F187-D488-4EB8-8004-89BA1944812C}.Debug|x64.ActiveCfg = Debug|Any CPU
		{91E7F187-D488-4EB8-8004-89BA1944812C}.Debug|x64.Build.0 = Debug|Any CPU
		{91E7F187-D488-4EB8-8004-89BA1944812C}.Debug|x86.ActiveCfg = Debug|Any CPU
		{91E7F187-D488-4EB8-8004-89BA1944812C}.Debug|x86.Build.0 = Debug|Any CPU
		{91E7F187-D488-4EB8-8004-89BA1944812C}.Release|Any CPU.ActiveCfg = Release|Any CPU
		{91E7F187-D488-4EB8-8004-89BA1944812C}.Release|Any CPU.Build.0 = Release|Any CPU
		{91E7F187-D488-4EB8-8004-89BA1944812C}.Release|x64.ActiveCfg = Release|Any CPU
		{91E7F187-D488-4EB8-8004-89BA1944812C}.Release|x64.Build.0 = Release|Any CPU
		{91E7F187-D488-4EB8-8004-89BA1944812C}.Release|x86.ActiveCfg = Release|Any CPU
		{91E7F187-D488-4EB8-8004-89BA1944812C}.Release|x86.Build.0 = Release|Any CPU
		{3F5BC8BA-956B-4FC0-A69A-71EFEEF5A04B}.Debug|Any CPU.ActiveCfg = Debug|Any CPU
		{3F5BC8BA-956B-4FC0-A69A-71EFEEF5A04B}.Debug|Any CPU.Build.0 = Debug|Any CPU
		{3F5BC8BA-956B-4FC0-A69A-71EFEEF5A04B}.Debug|x64.ActiveCfg = Debug|Any CPU
		{3F5BC8BA-956B-4FC0-A69A-71EFEEF5A04B}.Debug|x64.Build.0 = Debug|Any CPU
		{3F5BC8BA-956B-4FC0-A69A-71EFEEF5A04B}.Debug|x86.ActiveCfg = Debug|Any CPU
		{3F5BC8BA-956B-4FC0-A69A-71EFEEF5A04B}.Debug|x86.Build.0 = Debug|Any CPU
		{3F5BC8BA-956B-4FC0-A69A-71EFEEF5A04B}.Release|Any CPU.ActiveCfg = Release|Any CPU
		{3F5BC8BA-956B-4FC0-A69A-71EFEEF5A04B}.Release|Any CPU.Build.0 = Release|Any CPU
		{3F5BC8BA-956B-4FC0-A69A-71EFEEF5A04B}.Release|x64.ActiveCfg = Release|Any CPU
		{3F5BC8BA-956B-4FC0-A69A-71EFEEF5A04B}.Release|x64.Build.0 = Release|Any CPU
		{3F5BC8BA-956B-4FC0-A69A-71EFEEF5A04B}.Release|x86.ActiveCfg = Release|Any CPU
		{3F5BC8BA-956B-4FC0-A69A-71EFEEF5A04B}.Release|x86.Build.0 = Release|Any CPU
		{13DB9543-5A2E-47E6-8A9A-E425B8245918}.Debug|Any CPU.ActiveCfg = Debug|Any CPU
		{13DB9543-5A2E-47E6-8A9A-E425B8245918}.Debug|Any CPU.Build.0 = Debug|Any CPU
		{13DB9543-5A2E-47E6-8A9A-E425B8245918}.Debug|x64.ActiveCfg = Debug|Any CPU
		{13DB9543-5A2E-47E6-8A9A-E425B8245918}.Debug|x64.Build.0 = Debug|Any CPU
		{13DB9543-5A2E-47E6-8A9A-E425B8245918}.Debug|x86.ActiveCfg = Debug|Any CPU
		{13DB9543-5A2E-47E6-8A9A-E425B8245918}.Debug|x86.Build.0 = Debug|Any CPU
		{13DB9543-5A2E-47E6-8A9A-E425B8245918}.Release|Any CPU.ActiveCfg = Release|Any CPU
		{13DB9543-5A2E-47E6-8A9A-E425B8245918}.Release|Any CPU.Build.0 = Release|Any CPU
		{13DB9543-5A2E-47E6-8A9A-E425B8245918}.Release|x64.ActiveCfg = Release|Any CPU
		{13DB9543-5A2E-47E6-8A9A-E425B8245918}.Release|x64.Build.0 = Release|Any CPU
		{13DB9543-5A2E-47E6-8A9A-E425B8245918}.Release|x86.ActiveCfg = Release|Any CPU
		{13DB9543-5A2E-47E6-8A9A-E425B8245918}.Release|x86.Build.0 = Release|Any CPU
		{1406B2AD-4774-45D2-88A8-BA732F1939DD}.Debug|Any CPU.ActiveCfg = Debug|Any CPU
		{1406B2AD-4774-45D2-88A8-BA732F1939DD}.Debug|Any CPU.Build.0 = Debug|Any CPU
		{1406B2AD-4774-45D2-88A8-BA732F1939DD}.Debug|x64.ActiveCfg = Debug|Any CPU
		{1406B2AD-4774-45D2-88A8-BA732F1939DD}.Debug|x64.Build.0 = Debug|Any CPU
		{1406B2AD-4774-45D2-88A8-BA732F1939DD}.Debug|x86.ActiveCfg = Debug|Any CPU
		{1406B2AD-4774-45D2-88A8-BA732F1939DD}.Debug|x86.Build.0 = Debug|Any CPU
		{1406B2AD-4774-45D2-88A8-BA732F1939DD}.Release|Any CPU.ActiveCfg = Release|Any CPU
		{1406B2AD-4774-45D2-88A8-BA732F1939DD}.Release|Any CPU.Build.0 = Release|Any CPU
		{1406B2AD-4774-45D2-88A8-BA732F1939DD}.Release|x64.ActiveCfg = Release|Any CPU
		{1406B2AD-4774-45D2-88A8-BA732F1939DD}.Release|x64.Build.0 = Release|Any CPU
		{1406B2AD-4774-45D2-88A8-BA732F1939DD}.Release|x86.ActiveCfg = Release|Any CPU
		{1406B2AD-4774-45D2-88A8-BA732F1939DD}.Release|x86.Build.0 = Release|Any CPU
		{216BC149-81ED-43E5-9778-4042A8151884}.Debug|Any CPU.ActiveCfg = Debug|Any CPU
		{216BC149-81ED-43E5-9778-4042A8151884}.Debug|Any CPU.Build.0 = Debug|Any CPU
		{216BC149-81ED-43E5-9778-4042A8151884}.Debug|x64.ActiveCfg = Debug|Any CPU
		{216BC149-81ED-43E5-9778-4042A8151884}.Debug|x64.Build.0 = Debug|Any CPU
		{216BC149-81ED-43E5-9778-4042A8151884}.Debug|x86.ActiveCfg = Debug|Any CPU
		{216BC149-81ED-43E5-9778-4042A8151884}.Debug|x86.Build.0 = Debug|Any CPU
		{216BC149-81ED-43E5-9778-4042A8151884}.Release|Any CPU.ActiveCfg = Release|Any CPU
		{216BC149-81ED-43E5-9778-4042A8151884}.Release|Any CPU.Build.0 = Release|Any CPU
		{216BC149-81ED-43E5-9778-4042A8151884}.Release|x64.ActiveCfg = Release|Any CPU
		{216BC149-81ED-43E5-9778-4042A8151884}.Release|x64.Build.0 = Release|Any CPU
		{216BC149-81ED-43E5-9778-4042A8151884}.Release|x86.ActiveCfg = Release|Any CPU
		{216BC149-81ED-43E5-9778-4042A8151884}.Release|x86.Build.0 = Release|Any CPU
		{5FFF6B88-18DC-4B25-8CAA-CB38F9B964AE}.Debug|Any CPU.ActiveCfg = Debug|Any CPU
		{5FFF6B88-18DC-4B25-8CAA-CB38F9B964AE}.Debug|Any CPU.Build.0 = Debug|Any CPU
		{5FFF6B88-18DC-4B25-8CAA-CB38F9B964AE}.Debug|x64.ActiveCfg = Debug|Any CPU
		{5FFF6B88-18DC-4B25-8CAA-CB38F9B964AE}.Debug|x64.Build.0 = Debug|Any CPU
		{5FFF6B88-18DC-4B25-8CAA-CB38F9B964AE}.Debug|x86.ActiveCfg = Debug|Any CPU
		{5FFF6B88-18DC-4B25-8CAA-CB38F9B964AE}.Debug|x86.Build.0 = Debug|Any CPU
		{5FFF6B88-18DC-4B25-8CAA-CB38F9B964AE}.Release|Any CPU.ActiveCfg = Release|Any CPU
		{5FFF6B88-18DC-4B25-8CAA-CB38F9B964AE}.Release|Any CPU.Build.0 = Release|Any CPU
		{5FFF6B88-18DC-4B25-8CAA-CB38F9B964AE}.Release|x64.ActiveCfg = Release|Any CPU
		{5FFF6B88-18DC-4B25-8CAA-CB38F9B964AE}.Release|x64.Build.0 = Release|Any CPU
		{5FFF6B88-18DC-4B25-8CAA-CB38F9B964AE}.Release|x86.ActiveCfg = Release|Any CPU
		{5FFF6B88-18DC-4B25-8CAA-CB38F9B964AE}.Release|x86.Build.0 = Release|Any CPU
		{D2B88D66-4810-4EF7-AD6F-D47145D8D479}.Debug|Any CPU.ActiveCfg = Debug|Any CPU
		{D2B88D66-4810-4EF7-AD6F-D47145D8D479}.Debug|Any CPU.Build.0 = Debug|Any CPU
		{D2B88D66-4810-4EF7-AD6F-D47145D8D479}.Debug|x64.ActiveCfg = Debug|Any CPU
		{D2B88D66-4810-4EF7-AD6F-D47145D8D479}.Debug|x64.Build.0 = Debug|Any CPU
		{D2B88D66-4810-4EF7-AD6F-D47145D8D479}.Debug|x86.ActiveCfg = Debug|Any CPU
		{D2B88D66-4810-4EF7-AD6F-D47145D8D479}.Debug|x86.Build.0 = Debug|Any CPU
		{D2B88D66-4810-4EF7-AD6F-D47145D8D479}.Release|Any CPU.ActiveCfg = Release|Any CPU
		{D2B88D66-4810-4EF7-AD6F-D47145D8D479}.Release|Any CPU.Build.0 = Release|Any CPU
		{D2B88D66-4810-4EF7-AD6F-D47145D8D479}.Release|x64.ActiveCfg = Release|Any CPU
		{D2B88D66-4810-4EF7-AD6F-D47145D8D479}.Release|x64.Build.0 = Release|Any CPU
		{D2B88D66-4810-4EF7-AD6F-D47145D8D479}.Release|x86.ActiveCfg = Release|Any CPU
		{D2B88D66-4810-4EF7-AD6F-D47145D8D479}.Release|x86.Build.0 = Release|Any CPU
		{75E14B0C-A695-4755-818F-0F42FB76E70B}.Debug|Any CPU.ActiveCfg = Debug|Any CPU
		{75E14B0C-A695-4755-818F-0F42FB76E70B}.Debug|Any CPU.Build.0 = Debug|Any CPU
		{75E14B0C-A695-4755-818F-0F42FB76E70B}.Debug|x64.ActiveCfg = Debug|Any CPU
		{75E14B0C-A695-4755-818F-0F42FB76E70B}.Debug|x64.Build.0 = Debug|Any CPU
		{75E14B0C-A695-4755-818F-0F42FB76E70B}.Debug|x86.ActiveCfg = Debug|Any CPU
		{75E14B0C-A695-4755-818F-0F42FB76E70B}.Debug|x86.Build.0 = Debug|Any CPU
		{75E14B0C-A695-4755-818F-0F42FB76E70B}.Release|Any CPU.ActiveCfg = Release|Any CPU
		{75E14B0C-A695-4755-818F-0F42FB76E70B}.Release|Any CPU.Build.0 = Release|Any CPU
		{75E14B0C-A695-4755-818F-0F42FB76E70B}.Release|x64.ActiveCfg = Release|Any CPU
		{75E14B0C-A695-4755-818F-0F42FB76E70B}.Release|x64.Build.0 = Release|Any CPU
		{75E14B0C-A695-4755-818F-0F42FB76E70B}.Release|x86.ActiveCfg = Release|Any CPU
		{75E14B0C-A695-4755-818F-0F42FB76E70B}.Release|x86.Build.0 = Release|Any CPU
		{ABF72CDC-4C27-4DBD-9CE4-98B2EAF3BC65}.Debug|Any CPU.ActiveCfg = Debug|Any CPU
		{ABF72CDC-4C27-4DBD-9CE4-98B2EAF3BC65}.Debug|Any CPU.Build.0 = Debug|Any CPU
		{ABF72CDC-4C27-4DBD-9CE4-98B2EAF3BC65}.Debug|x64.ActiveCfg = Debug|Any CPU
		{ABF72CDC-4C27-4DBD-9CE4-98B2EAF3BC65}.Debug|x64.Build.0 = Debug|Any CPU
		{ABF72CDC-4C27-4DBD-9CE4-98B2EAF3BC65}.Debug|x86.ActiveCfg = Debug|Any CPU
		{ABF72CDC-4C27-4DBD-9CE4-98B2EAF3BC65}.Debug|x86.Build.0 = Debug|Any CPU
		{ABF72CDC-4C27-4DBD-9CE4-98B2EAF3BC65}.Release|Any CPU.ActiveCfg = Release|Any CPU
		{ABF72CDC-4C27-4DBD-9CE4-98B2EAF3BC65}.Release|Any CPU.Build.0 = Release|Any CPU
		{ABF72CDC-4C27-4DBD-9CE4-98B2EAF3BC65}.Release|x64.ActiveCfg = Release|Any CPU
		{ABF72CDC-4C27-4DBD-9CE4-98B2EAF3BC65}.Release|x64.Build.0 = Release|Any CPU
		{ABF72CDC-4C27-4DBD-9CE4-98B2EAF3BC65}.Release|x86.ActiveCfg = Release|Any CPU
		{ABF72CDC-4C27-4DBD-9CE4-98B2EAF3BC65}.Release|x86.Build.0 = Release|Any CPU
		{9B241790-013B-4817-90BF-D50E7A1D9BE0}.Debug|Any CPU.ActiveCfg = Debug|Any CPU
		{9B241790-013B-4817-90BF-D50E7A1D9BE0}.Debug|Any CPU.Build.0 = Debug|Any CPU
		{9B241790-013B-4817-90BF-D50E7A1D9BE0}.Debug|x64.ActiveCfg = Debug|Any CPU
		{9B241790-013B-4817-90BF-D50E7A1D9BE0}.Debug|x64.Build.0 = Debug|Any CPU
		{9B241790-013B-4817-90BF-D50E7A1D9BE0}.Debug|x86.ActiveCfg = Debug|Any CPU
		{9B241790-013B-4817-90BF-D50E7A1D9BE0}.Debug|x86.Build.0 = Debug|Any CPU
		{9B241790-013B-4817-90BF-D50E7A1D9BE0}.Release|Any CPU.ActiveCfg = Release|Any CPU
		{9B241790-013B-4817-90BF-D50E7A1D9BE0}.Release|Any CPU.Build.0 = Release|Any CPU
		{9B241790-013B-4817-90BF-D50E7A1D9BE0}.Release|x64.ActiveCfg = Release|Any CPU
		{9B241790-013B-4817-90BF-D50E7A1D9BE0}.Release|x64.Build.0 = Release|Any CPU
		{9B241790-013B-4817-90BF-D50E7A1D9BE0}.Release|x86.ActiveCfg = Release|Any CPU
		{9B241790-013B-4817-90BF-D50E7A1D9BE0}.Release|x86.Build.0 = Release|Any CPU
		{30D42110-503D-4671-B58C-C4FE9BD2BEB2}.Debug|Any CPU.ActiveCfg = Debug|Any CPU
		{30D42110-503D-4671-B58C-C4FE9BD2BEB2}.Debug|Any CPU.Build.0 = Debug|Any CPU
		{30D42110-503D-4671-B58C-C4FE9BD2BEB2}.Debug|x64.ActiveCfg = Debug|Any CPU
		{30D42110-503D-4671-B58C-C4FE9BD2BEB2}.Debug|x64.Build.0 = Debug|Any CPU
		{30D42110-503D-4671-B58C-C4FE9BD2BEB2}.Debug|x86.ActiveCfg = Debug|Any CPU
		{30D42110-503D-4671-B58C-C4FE9BD2BEB2}.Debug|x86.Build.0 = Debug|Any CPU
		{30D42110-503D-4671-B58C-C4FE9BD2BEB2}.Release|Any CPU.ActiveCfg = Release|Any CPU
		{30D42110-503D-4671-B58C-C4FE9BD2BEB2}.Release|Any CPU.Build.0 = Release|Any CPU
		{30D42110-503D-4671-B58C-C4FE9BD2BEB2}.Release|x64.ActiveCfg = Release|Any CPU
		{30D42110-503D-4671-B58C-C4FE9BD2BEB2}.Release|x64.Build.0 = Release|Any CPU
		{30D42110-503D-4671-B58C-C4FE9BD2BEB2}.Release|x86.ActiveCfg = Release|Any CPU
		{30D42110-503D-4671-B58C-C4FE9BD2BEB2}.Release|x86.Build.0 = Release|Any CPU
		{2D66CF7F-43B7-4EE5-9E0C-2DFC5315DFCF}.Debug|Any CPU.ActiveCfg = Debug|Any CPU
		{2D66CF7F-43B7-4EE5-9E0C-2DFC5315DFCF}.Debug|Any CPU.Build.0 = Debug|Any CPU
		{2D66CF7F-43B7-4EE5-9E0C-2DFC5315DFCF}.Debug|x64.ActiveCfg = Debug|Any CPU
		{2D66CF7F-43B7-4EE5-9E0C-2DFC5315DFCF}.Debug|x64.Build.0 = Debug|Any CPU
		{2D66CF7F-43B7-4EE5-9E0C-2DFC5315DFCF}.Debug|x86.ActiveCfg = Debug|Any CPU
		{2D66CF7F-43B7-4EE5-9E0C-2DFC5315DFCF}.Debug|x86.Build.0 = Debug|Any CPU
		{2D66CF7F-43B7-4EE5-9E0C-2DFC5315DFCF}.Release|Any CPU.ActiveCfg = Release|Any CPU
		{2D66CF7F-43B7-4EE5-9E0C-2DFC5315DFCF}.Release|Any CPU.Build.0 = Release|Any CPU
		{2D66CF7F-43B7-4EE5-9E0C-2DFC5315DFCF}.Release|x64.ActiveCfg = Release|Any CPU
		{2D66CF7F-43B7-4EE5-9E0C-2DFC5315DFCF}.Release|x64.Build.0 = Release|Any CPU
		{2D66CF7F-43B7-4EE5-9E0C-2DFC5315DFCF}.Release|x86.ActiveCfg = Release|Any CPU
		{2D66CF7F-43B7-4EE5-9E0C-2DFC5315DFCF}.Release|x86.Build.0 = Release|Any CPU
		{142B0D23-DEBB-476A-A9C6-292BE40687F3}.Debug|Any CPU.ActiveCfg = Debug|Any CPU
		{142B0D23-DEBB-476A-A9C6-292BE40687F3}.Debug|Any CPU.Build.0 = Debug|Any CPU
		{142B0D23-DEBB-476A-A9C6-292BE40687F3}.Debug|x64.ActiveCfg = Debug|Any CPU
		{142B0D23-DEBB-476A-A9C6-292BE40687F3}.Debug|x64.Build.0 = Debug|Any CPU
		{142B0D23-DEBB-476A-A9C6-292BE40687F3}.Debug|x86.ActiveCfg = Debug|Any CPU
		{142B0D23-DEBB-476A-A9C6-292BE40687F3}.Debug|x86.Build.0 = Debug|Any CPU
		{142B0D23-DEBB-476A-A9C6-292BE40687F3}.Release|Any CPU.ActiveCfg = Release|Any CPU
		{142B0D23-DEBB-476A-A9C6-292BE40687F3}.Release|Any CPU.Build.0 = Release|Any CPU
		{142B0D23-DEBB-476A-A9C6-292BE40687F3}.Release|x64.ActiveCfg = Release|Any CPU
		{142B0D23-DEBB-476A-A9C6-292BE40687F3}.Release|x64.Build.0 = Release|Any CPU
		{142B0D23-DEBB-476A-A9C6-292BE40687F3}.Release|x86.ActiveCfg = Release|Any CPU
		{142B0D23-DEBB-476A-A9C6-292BE40687F3}.Release|x86.Build.0 = Release|Any CPU
		{F29937CF-8C1C-4154-93BA-FCEB5FF4C7E5}.Debug|Any CPU.ActiveCfg = Debug|Any CPU
		{F29937CF-8C1C-4154-93BA-FCEB5FF4C7E5}.Debug|Any CPU.Build.0 = Debug|Any CPU
		{F29937CF-8C1C-4154-93BA-FCEB5FF4C7E5}.Debug|x64.ActiveCfg = Debug|Any CPU
		{F29937CF-8C1C-4154-93BA-FCEB5FF4C7E5}.Debug|x64.Build.0 = Debug|Any CPU
		{F29937CF-8C1C-4154-93BA-FCEB5FF4C7E5}.Debug|x86.ActiveCfg = Debug|Any CPU
		{F29937CF-8C1C-4154-93BA-FCEB5FF4C7E5}.Debug|x86.Build.0 = Debug|Any CPU
		{F29937CF-8C1C-4154-93BA-FCEB5FF4C7E5}.Release|Any CPU.ActiveCfg = Release|Any CPU
		{F29937CF-8C1C-4154-93BA-FCEB5FF4C7E5}.Release|Any CPU.Build.0 = Release|Any CPU
		{F29937CF-8C1C-4154-93BA-FCEB5FF4C7E5}.Release|x64.ActiveCfg = Release|Any CPU
		{F29937CF-8C1C-4154-93BA-FCEB5FF4C7E5}.Release|x64.Build.0 = Release|Any CPU
		{F29937CF-8C1C-4154-93BA-FCEB5FF4C7E5}.Release|x86.ActiveCfg = Release|Any CPU
		{F29937CF-8C1C-4154-93BA-FCEB5FF4C7E5}.Release|x86.Build.0 = Release|Any CPU
	EndGlobalSection
	GlobalSection(SolutionProperties) = preSolution
		HideSolutionNode = FALSE
	EndGlobalSection
	GlobalSection(ExtensibilityGlobals) = postSolution
		SolutionGuid = {6E20AE1B-BBDE-481F-BF2B-E12B77019F03}
	EndGlobalSection
EndGlobal
